
Microsoft Visual Studio Solution File, Format Version 12.00
# Visual Studio Version 16
VisualStudioVersion = 16.0.30907.101
MinimumVisualStudioVersion = 10.0.40219.1
Project("{FAE04EC0-301F-11D3-BF4B-00C04F79EFBC}") = "ClientList", "ClientList\ClientList.csproj", "{9261A6F9-5821-430F-8DEB-D74BA6C649E2}"
EndProject
Global
	GlobalSection(SolutionConfigurationPlatforms) = preSolution
		Debug|Any CPU = Debug|Any CPU
		Release|Any CPU = Release|Any CPU
	EndGlobalSection
	GlobalSection(ProjectConfigurationPlatforms) = postSolution
		{9261A6F9-5821-430F-8DEB-D74BA6C649E2}.Debug|Any CPU.ActiveCfg = Debug|Any CPU
		{9261A6F9-5821-430F-8DEB-D74BA6C649E2}.Debug|Any CPU.Build.0 = Debug|Any CPU
		{9261A6F9-5821-430F-8DEB-D74BA6C649E2}.Release|Any CPU.ActiveCfg = Release|Any CPU
		{9261A6F9-5821-430F-8DEB-D74BA6C649E2}.Release|Any CPU.Build.0 = Release|Any CPU
	EndGlobalSection
	GlobalSection(SolutionProperties) = preSolution
		HideSolutionNode = FALSE
	EndGlobalSection
	GlobalSection(ExtensibilityGlobals) = postSolution
		SolutionGuid = {BF0FF332-9370-4E1B-AA45-F988905F5947}
	EndGlobalSection
EndGlobal
